PODS:
  - OrderPlaceSdkUat (0.0.4):
    - OrderPlaceSdkUat/Core (= 0.0.4)
  - OrderPlaceSdkUat/Alipay (0.0.4):
    - OrderPlaceSdkUat/Core
  - OrderPlaceSdkUat/Core (0.0.4)
  - OrderPlaceSdkUat/Wechat (0.0.4):
    - OrderPlaceSdkUat/Core

DEPENDENCIES:
  - OrderPlaceSdkUat (~> 0.0.4)
  - OrderPlaceSdkUat/Alipay (~> 0.0.4)
  - OrderPlaceSdkUat/Wechat (~> 0.0.4)

SPEC REPOS:
  https://github.com/cocoapods/specs.git:
    - OrderPlaceSdkUat

SPEC CHECKSUMS:
  OrderPlaceSdkUat: 29be13a701ba128cdef53846e431e6522a04344e

PODFILE CHECKSUM: 9b287c9e2b855d52f611485fb9c246893e933098

COCOAPODS: 1.5.3
