// !$*UTF8*$!
{
	archiveVersion = 1;
	classes = {
	};
	objectVersion = 51;
	objects = {

/* Begin PBXBuildFile section */
		522BC51721A6B82C00A56E52 /* AppDelegate.swift in Sources */ = {isa = PBXBuildFile; fileRef = 522BC51621A6B82C00A56E52 /* AppDelegate.swift */; };
		522BC51921A6B82C00A56E52 /* ViewController.swift in Sources */ = {isa = PBXBuildFile; fileRef = 522BC51821A6B82C00A56E52 /* ViewController.swift */; };
		522BC51C21A6B82C00A56E52 /* Main.storyboard in Resources */ = {isa = PBXBuildFile; fileRef = 522BC51A21A6B82C00A56E52 /* Main.storyboard */; };
		522BC51E21A6B82E00A56E52 /* Assets.xcassets in Resources */ = {isa = PBXBuildFile; fileRef = 522BC51D21A6B82E00A56E52 /* Assets.xcassets */; };
		522BC52121A6B82E00A56E52 /* LaunchScreen.storyboard in Resources */ = {isa = PBXBuildFile; fileRef = 522BC51F21A6B82E00A56E52 /* LaunchScreen.storyboard */; };
		CEA98A0CC4B51081959A2ABA /* Pods_testMyNewOrderPlaceUat.framework in Frameworks */ = {isa = PBXBuildFile; fileRef = E83DBC66B9212F21258893A3 /* Pods_testMyNewOrderPlaceUat.framework */; };
/* End PBXBuildFile section */

/* Begin PBXFileReference section */
		1DB64FA5203C06C6B113FC3C /* Pods-testMyNewOrderPlaceUat.release.xcconfig */ = {isa = PBXFileReference; includeInIndex = 1; lastKnownFileType = text.xcconfig; name = "Pods-testMyNewOrderPlaceUat.release.xcconfig"; path = "Pods/Target Support Files/Pods-testMyNewOrderPlaceUat/Pods-testMyNewOrderPlaceUat.release.xcconfig"; sourceTree = "<group>"; };
		522BC51321A6B82C00A56E52 /* testMyNewOrderPlaceUat.app */ = {isa = PBXFileReference; explicitFileType = wrapper.application; includeInIndex = 0; path = testMyNewOrderPlaceUat.app; sourceTree = BUILT_PRODUCTS_DIR; };
		522BC51621A6B82C00A56E52 /* AppDelegate.swift */ = {isa = PBXFileReference; lastKnownFileType = sourcecode.swift; path = AppDelegate.swift; sourceTree = "<group>"; };
		522BC51821A6B82C00A56E52 /* ViewController.swift */ = {isa = PBXFileReference; lastKnownFileType = sourcecode.swift; path = ViewController.swift; sourceTree = "<group>"; };
		522BC51B21A6B82C00A56E52 /* Base */ = {isa = PBXFileReference; lastKnownFileType = file.storyboard; name = Base; path = Base.lproj/Main.storyboard; sourceTree = "<group>"; };
		522BC51D21A6B82E00A56E52 /* Assets.xcassets */ = {isa = PBXFileReference; lastKnownFileType = folder.assetcatalog; path = Assets.xcassets; sourceTree = "<group>"; };
		522BC52021A6B82E00A56E52 /* Base */ = {isa = PBXFileReference; lastKnownFileType = file.storyboard; name = Base; path = Base.lproj/LaunchScreen.storyboard; sourceTree = "<group>"; };
		522BC52221A6B82E00A56E52 /* Info.plist */ = {isa = PBXFileReference; lastKnownFileType = text.plist.xml; path = Info.plist; sourceTree = "<group>"; };
		76E040EB031AF660A4301533 /* Pods-testMyNewOrderPlaceUat.debug.xcconfig */ = {isa = PBXFileReference; includeInIndex = 1; lastKnownFileType = text.xcconfig; name = "Pods-testMyNewOrderPlaceUat.debug.xcconfig"; path = "Pods/Target Support Files/Pods-testMyNewOrderPlaceUat/Pods-testMyNewOrderPlaceUat.debug.xcconfig"; sourceTree = "<group>"; };
		E83DBC66B9212F21258893A3 /* Pods_testMyNewOrderPlaceUat.framework */ = {isa = PBXFileReference; explicitFileType = wrapper.framework; includeInIndex = 0; path = Pods_testMyNewOrderPlaceUat.framework; sourceTree = BUILT_PRODUCTS_DIR; };
/* End PBXFileReference section */

/* Begin PBXFrameworksBuildPhase section */
		522BC51021A6B82C00A56E52 /* Frameworks */ = {
			isa = PBXFrameworksBuildPhase;
			buildActionMask = 2147483647;
			files = (
				CEA98A0CC4B51081959A2ABA /* Pods_testMyNewOrderPlaceUat.framework in Frameworks */,
			);
			runOnlyForDeploymentPostprocessing = 0;
		};
/* End PBXFrameworksBuildPhase section */

/* Begin PBXGroup section */
		522BC50A21A6B82C00A56E52 = {
			isa = PBXGroup;
			children = (
				522BC51521A6B82C00A56E52 /* testMyNewOrderPlaceUat */,
				522BC51421A6B82C00A56E52 /* Products */,
				F8FE4376797BF5838744ADDE /* Pods */,
				A7A75310AD7726B77786E337 /* Frameworks */,
			);
			sourceTree = "<group>";
		};
		522BC51421A6B82C00A56E52 /* Products */ = {
			isa = PBXGroup;
			children = (
				522BC51321A6B82C00A56E52 /* testMyNewOrderPlaceUat.app */,
			);
			name = Products;
			sourceTree = "<group>";
		};
		522BC51521A6B82C00A56E52 /* testMyNewOrderPlaceUat */ = {
			isa = PBXGroup;
			children = (
				522BC51621A6B82C00A56E52 /* AppDelegate.swift */,
				522BC51821A6B82C00A56E52 /* ViewController.swift */,
				522BC51A21A6B82C00A56E52 /* Main.storyboard */,
				522BC51D21A6B82E00A56E52 /* Assets.xcassets */,
				522BC51F21A6B82E00A56E52 /* LaunchScreen.storyboard */,
				522BC52221A6B82E00A56E52 /* Info.plist */,
			);
			path = testMyNewOrderPlaceUat;
			sourceTree = "<group>";
		};
		A7A75310AD7726B77786E337 /* Frameworks */ = {
			isa = PBXGroup;
			children = (
				E83DBC66B9212F21258893A3 /* Pods_testMyNewOrderPlaceUat.framework */,
			);
			name = Frameworks;
			sourceTree = "<group>";
		};
		F8FE4376797BF5838744ADDE /* Pods */ = {
			isa = PBXGroup;
			children = (
				76E040EB031AF660A4301533 /* Pods-testMyNewOrderPlaceUat.debug.xcconfig */,
				1DB64FA5203C06C6B113FC3C /* Pods-testMyNewOrderPlaceUat.release.xcconfig */,
			);
			name = Pods;
			sourceTree = "<group>";
		};
/* End PBXGroup section */

/* Begin PBXNativeTarget section */
		522BC51221A6B82C00A56E52 /* testMyNewOrderPlaceUat */ = {
			isa = PBXNativeTarget;
			buildConfigurationList = 522BC52521A6B82E00A56E52 /* Build configuration list for PBXNativeTarget "testMyNewOrderPlaceUat" */;
			buildPhases = (
				E347B412E414E6A9E4C8922E /* [CP] Check Pods Manifest.lock */,
				522BC50F21A6B82C00A56E52 /* Sources */,
				522BC51021A6B82C00A56E52 /* Frameworks */,
				522BC51121A6B82C00A56E52 /* Resources */,
				7E229F2E7B06CF4B505EB221 /* [CP] Embed Pods Frameworks */,
				4C0AF272EF62F1A73A326560 /* [CP] Copy Pods Resources */,
			);
			buildRules = (
			);
			dependencies = (
			);
			name = testMyNewOrderPlaceUat;
			productName = testMyNewOrderPlaceUat;
			productReference = 522BC51321A6B82C00A56E52 /* testMyNewOrderPlaceUat.app */;
			productType = "com.apple.product-type.application";
		};
/* End PBXNativeTarget section */

/* Begin PBXProject section */
		522BC50B21A6B82C00A56E52 /* Project object */ = {
			isa = PBXProject;
			attributes = {
				LastSwiftUpdateCheck = 1000;
				LastUpgradeCheck = 1000;
				ORGANIZATIONNAME = PeiJueChen;
				TargetAttributes = {
					522BC51221A6B82C00A56E52 = {
						CreatedOnToolsVersion = 10.0;
					};
				};
			};
			buildConfigurationList = 522BC50E21A6B82C00A56E52 /* Build configuration list for PBXProject "testMyNewOrderPlaceUat" */;
			compatibilityVersion = "Xcode 9.3";
			developmentRegion = en;
			hasScannedForEncodings = 0;
			knownRegions = (
				en,
				Base,
			);
			mainGroup = 522BC50A21A6B82C00A56E52;
			productRefGroup = 522BC51421A6B82C00A56E52 /* Products */;
			projectDirPath = "";
			projectRoot = "";
			targets = (
				522BC51221A6B82C00A56E52 /* testMyNewOrderPlaceUat */,
			);
		};
/* End PBXProject section */

/* Begin PBXResourcesBuildPhase section */
		522BC51121A6B82C00A56E52 /* Resources */ = {
			isa = PBXResourcesBuildPhase;
			buildActionMask = 2147483647;
			files = (
				522BC52121A6B82E00A56E52 /* LaunchScreen.storyboard in Resources */,
				522BC51E21A6B82E00A56E52 /* Assets.xcassets in Resources */,
				522BC51C21A6B82C00A56E52 /* Main.storyboard in Resources */,
			);
			runOnlyForDeploymentPostprocessing = 0;
		};
/* End PBXResourcesBuildPhase section */

/* Begin PBXShellScriptBuildPhase section */
		4C0AF272EF62F1A73A326560 /* [CP] Copy Pods Resources */ = {
			isa = PBXShellScriptBuildPhase;
			buildActionMask = 2147483647;
			files = (
			);
			inputFileListPaths = (
				"${PODS_ROOT}/Target Support Files/Pods-testMyNewOrderPlaceUat/Pods-testMyNewOrderPlaceUat-resources-${CONFIGURATION}-input-files.xcfilelist",
			);
			name = "[CP] Copy Pods Resources";
			outputFileListPaths = (
				"${PODS_ROOT}/Target Support Files/Pods-testMyNewOrderPlaceUat/Pods-testMyNewOrderPlaceUat-resources-${CONFIGURATION}-output-files.xcfilelist",
			);
			runOnlyForDeploymentPostprocessing = 0;
			shellPath = /bin/sh;
			shellScript = "\"${PODS_ROOT}/Target Support Files/Pods-testMyNewOrderPlaceUat/Pods-testMyNewOrderPlaceUat-resources.sh\"\n";
			showEnvVarsInLog = 0;
		};
		7E229F2E7B06CF4B505EB221 /* [CP] Embed Pods Frameworks */ = {
			isa = PBXShellScriptBuildPhase;
			buildActionMask = 2147483647;
			files = (
			);
			inputFileListPaths = (
				"${PODS_ROOT}/Target Support Files/Pods-testMyNewOrderPlaceUat/Pods-testMyNewOrderPlaceUat-frameworks-${CONFIGURATION}-input-files.xcfilelist",
			);
			name = "[CP] Embed Pods Frameworks";
			outputFileListPaths = (
				"${PODS_ROOT}/Target Support Files/Pods-testMyNewOrderPlaceUat/Pods-testMyNewOrderPlaceUat-frameworks-${CONFIGURATION}-output-files.xcfilelist",
			);
			runOnlyForDeploymentPostprocessing = 0;
			shellPath = /bin/sh;
			shellScript = "\"${PODS_ROOT}/Target Support Files/Pods-testMyNewOrderPlaceUat/Pods-testMyNewOrderPlaceUat-frameworks.sh\"\n";
			showEnvVarsInLog = 0;
		};
		E347B412E414E6A9E4C8922E /* [CP] Check Pods Manifest.lock */ = {
			isa = PBXShellScriptBuildPhase;
			buildActionMask = 2147483647;
			files = (
			);
			inputFileListPaths = (
			);
			inputPaths = (
				"${PODS_PODFILE_DIR_PATH}/Podfile.lock",
				"${PODS_ROOT}/Manifest.lock",
			);
			name = "[CP] Check Pods Manifest.lock";
			outputFileListPaths = (
			);
			outputPaths = (
				"$(DERIVED_FILE_DIR)/Pods-testMyNewOrderPlaceUat-checkManifestLockResult.txt",
			);
			runOnlyForDeploymentPostprocessing = 0;
			shellPath = /bin/sh;
			shellScript = "diff \"${PODS_PODFILE_DIR_PATH}/Podfile.lock\" \"${PODS_ROOT}/Manifest.lock\" > /dev/null\nif [ $? != 0 ] ; then\n    # print error to STDERR\n    echo \"error: The sandbox is not in sync with the Podfile.lock. Run 'pod install' or update your CocoaPods installation.\" >&2\n    exit 1\nfi\n# This output is used by Xcode 'outputs' to avoid re-running this script phase.\necho \"SUCCESS\" > \"${SCRIPT_OUTPUT_FILE_0}\"\n";
			showEnvVarsInLog = 0;
		};
/* End PBXShellScriptBuildPhase section */

/* Begin PBXSourcesBuildPhase section */
		522BC50F21A6B82C00A56E52 /* Sources */ = {
			isa = PBXSourcesBuildPhase;
			buildActionMask = 2147483647;
			files = (
				522BC51921A6B82C00A56E52 /* ViewController.swift in Sources */,
				522BC51721A6B82C00A56E52 /* AppDelegate.swift in Sources */,
			);
			runOnlyForDeploymentPostprocessing = 0;
		};
/* End PBXSourcesBuildPhase section */

/* Begin PBXVariantGroup section */
		522BC51A21A6B82C00A56E52 /* Main.storyboard */ = {
			isa = PBXVariantGroup;
			children = (
				522BC51B21A6B82C00A56E52 /* Base */,
			);
			name = Main.storyboard;
			sourceTree = "<group>";
		};
		522BC51F21A6B82E00A56E52 /* LaunchScreen.storyboard */ = {
			isa = PBXVariantGroup;
			children = (
				522BC52021A6B82E00A56E52 /* Base */,
			);
			name = LaunchScreen.storyboard;
			sourceTree = "<group>";
		};
/* End PBXVariantGroup section */

/* Begin XCBuildConfiguration section */
		522BC52321A6B82E00A56E52 /* Debug */ = {
			isa = XCBuildConfiguration;
			buildSettings = {
				ALWAYS_SEARCH_USER_PATHS = NO;
				CLANG_ANALYZER_NONNULL = YES;
				CLANG_ANALYZER_NUMBER_OBJECT_CONVERSION = YES_AGGRESSIVE;
				CLANG_CXX_LANGUAGE_STANDARD = "gnu++14";
				CLANG_CXX_LIBRARY = "libc++";
				CLANG_ENABLE_MODULES = YES;
				CLANG_ENABLE_OBJC_ARC = YES;
				CLANG_ENABLE_OBJC_WEAK = YES;
				CLANG_WARN_BLOCK_CAPTURE_AUTORELEASING = YES;
				CLANG_WARN_BOOL_CONVERSION = YES;
				CLANG_WARN_COMMA = YES;
				CLANG_WARN_CONSTANT_CONVERSION = YES;
				CLANG_WARN_DEPRECATED_OBJC_IMPLEMENTATIONS = YES;
				CLANG_WARN_DIRECT_OBJC_ISA_USAGE = YES_ERROR;
				CLANG_WARN_DOCUMENTATION_COMMENTS = YES;
				CLANG_WARN_EMPTY_BODY = YES;
				CLANG_WARN_ENUM_CONVERSION = YES;
				CLANG_WARN_INFINITE_RECURSION = YES;
				CLANG_WARN_INT_CONVERSION = YES;
				CLANG_WARN_NON_LITERAL_NULL_CONVERSION = YES;
				CLANG_WARN_OBJC_IMPLICIT_RETAIN_SELF = YES;
				CLANG_WARN_OBJC_LITERAL_CONVERSION = YES;
				CLANG_WARN_OBJC_ROOT_CLASS = YES_ERROR;
				CLANG_WARN_RANGE_LOOP_ANALYSIS = YES;
				CLANG_WARN_STRICT_PROTOTYPES = YES;
				CLANG_WARN_SUSPICIOUS_MOVE = YES;
				CLANG_WARN_UNGUARDED_AVAILABILITY = YES_AGGRESSIVE;
				CLANG_WARN_UNREACHABLE_CODE = YES;
				CLANG_WARN__DUPLICATE_METHOD_MATCH = YES;
				CODE_SIGN_IDENTITY = "iPhone Developer";
				COPY_PHASE_STRIP = NO;
				DEBUG_INFORMATION_FORMAT = dwarf;
				ENABLE_STRICT_OBJC_MSGSEND = YES;
				ENABLE_TESTABILITY = YES;
				GCC_C_LANGUAGE_STANDARD = gnu11;
				GCC_DYNAMIC_NO_PIC = NO;
				GCC_NO_COMMON_BLOCKS = YES;
				GCC_OPTIMIZATION_LEVEL = 0;
				GCC_PREPROCESSOR_DEFINITIONS = (
					"DEBUG=1",
					"$(inherited)",
				);
				GCC_WARN_64_TO_32_BIT_CONVERSION = YES;
				GCC_WARN_ABOUT_RETURN_TYPE = YES_ERROR;
				GCC_WARN_UNDECLARED_SELECTOR = YES;
				GCC_WARN_UNINITIALIZED_AUTOS = YES_AGGRESSIVE;
				GCC_WARN_UNUSED_FUNCTION = YES;
				GCC_WARN_UNUSED_VARIABLE = YES;
				IPHONEOS_DEPLOYMENT_TARGET = 9.0;
				MTL_ENABLE_DEBUG_INFO = INCLUDE_SOURCE;
				MTL_FAST_MATH = YES;
				ONLY_ACTIVE_ARCH = YES;
				SDKROOT = iphoneos;
				SWIFT_ACTIVE_COMPILATION_CONDITIONS = DEBUG;
				SWIFT_OPTIMIZATION_LEVEL = "-Onone";
			};
			name = Debug;
		};
		522BC52421A6B82E00A56E52 /* Release */ = {
			isa = XCBuildConfiguration;
			buildSettings = {
				ALWAYS_SEARCH_USER_PATHS = NO;
				CLANG_ANALYZER_NONNULL = YES;
				CLANG_ANALYZER_NUMBER_OBJECT_CONVERSION = YES_AGGRESSIVE;
				CLANG_CXX_LANGUAGE_STANDARD = "gnu++14";
				CLANG_CXX_LIBRARY = "libc++";
				CLANG_ENABLE_MODULES = YES;
				CLANG_ENABLE_OBJC_ARC = YES;
				CLANG_ENABLE_OBJC_WEAK = YES;
				CLANG_WARN_BLOCK_CAPTURE_AUTORELEASING = YES;
				CLANG_WARN_BOOL_CONVERSION = YES;
				CLANG_WARN_COMMA = YES;
				CLANG_WARN_CONSTANT_CONVERSION = YES;
				CLANG_WARN_DEPRECATED_OBJC_IMPLEMENTATIONS = YES;
				CLANG_WARN_DIRECT_OBJC_ISA_USAGE = YES_ERROR;
				CLANG_WARN_DOCUMENTATION_COMMENTS = YES;
				CLANG_WARN_EMPTY_BODY = YES;
				CLANG_WARN_ENUM_CONVERSION = YES;
				CLANG_WARN_INFINITE_RECURSION = YES;
				CLANG_WARN_INT_CONVERSION = YES;
				CLANG_WARN_NON_LITERAL_NULL_CONVERSION = YES;
				CLANG_WARN_OBJC_IMPLICIT_RETAIN_SELF = YES;
				CLANG_WARN_OBJC_LITERAL_CONVERSION = YES;
				CLANG_WARN_OBJC_ROOT_CLASS = YES_ERROR;
				CLANG_WARN_RANGE_LOOP_ANALYSIS = YES;
				CLANG_WARN_STRICT_PROTOTYPES = YES;
				CLANG_WARN_SUSPICIOUS_MOVE = YES;
				CLANG_WARN_UNGUARDED_AVAILABILITY = YES_AGGRESSIVE;
				CLANG_WARN_UNREACHABLE_CODE = YES;
				CLANG_WARN__DUPLICATE_METHOD_MATCH = YES;
				CODE_SIGN_IDENTITY = "iPhone Developer";
				COPY_PHASE_STRIP = NO;
				DEBUG_INFORMATION_FORMAT = "dwarf-with-dsym";
				ENABLE_NS_ASSERTIONS = NO;
				ENABLE_STRICT_OBJC_MSGSEND = YES;
				GCC_C_LANGUAGE_STANDARD = gnu11;
				GCC_NO_COMMON_BLOCKS = YES;
				GCC_WARN_64_TO_32_BIT_CONVERSION = YES;
				GCC_WARN_ABOUT_RETURN_TYPE = YES_ERROR;
				GCC_WARN_UNDECLARED_SELECTOR = YES;
				GCC_WARN_UNINITIALIZED_AUTOS = YES_AGGRESSIVE;
				GCC_WARN_UNUSED_FUNCTION = YES;
				GCC_WARN_UNUSED_VARIABLE = YES;
				IPHONEOS_DEPLOYMENT_TARGET = 9.0;
				MTL_ENABLE_DEBUG_INFO = NO;
				MTL_FAST_MATH = YES;
				SDKROOT = iphoneos;
				SWIFT_COMPILATION_MODE = wholemodule;
				SWIFT_OPTIMIZATION_LEVEL = "-O";
				VALIDATE_PRODUCT = YES;
			};
			name = Release;
		};
		522BC52621A6B82E00A56E52 /* Debug */ = {
			isa = XCBuildConfiguration;
			baseConfigurationReference = 76E040EB031AF660A4301533 /* Pods-testMyNewOrderPlaceUat.debug.xcconfig */;
			buildSettings = {
				ASSETCATALOG_COMPILER_APPICON_NAME = AppIcon;
				CODE_SIGN_STYLE = Automatic;
				DEVELOPMENT_TEAM = 36RXHYW79N;
				ENABLE_BITCODE = NO;
				INFOPLIST_FILE = testMyNewOrderPlaceUat/Info.plist;
				LD_RUNPATH_SEARCH_PATHS = (
					"$(inherited)",
					"@executable_path/Frameworks",
				);
				PRODUCT_BUNDLE_IDENTIFIER = "org.cocoapods.demo.OrderPlaceSdk-Example";
				PRODUCT_NAME = "$(TARGET_NAME)";
				SWIFT_VERSION = 5.0;
				TARGETED_DEVICE_FAMILY = "1,2";
			};
			name = Debug;
		};
		522BC52721A6B82E00A56E52 /* Release */ = {
			isa = XCBuildConfiguration;
			baseConfigurationReference = 1DB64FA5203C06C6B113FC3C /* Pods-testMyNewOrderPlaceUat.release.xcconfig */;
			buildSettings = {
				ASSETCATALOG_COMPILER_APPICON_NAME = AppIcon;
				CODE_SIGN_STYLE = Automatic;
				DEVELOPMENT_TEAM = 36RXHYW79N;
				ENABLE_BITCODE = NO;
				INFOPLIST_FILE = testMyNewOrderPlaceUat/Info.plist;
				LD_RUNPATH_SEARCH_PATHS = (
					"$(inherited)",
					"@executable_path/Frameworks",
				);
				PRODUCT_BUNDLE_IDENTIFIER = "org.cocoapods.demo.OrderPlaceSdk-Example";
				PRODUCT_NAME = "$(TARGET_NAME)";
				SWIFT_VERSION = 5.0;
				TARGETED_DEVICE_FAMILY = "1,2";
			};
			name = Release;
		};
/* End XCBuildConfiguration section */

/* Begin XCConfigurationList section */
		522BC50E21A6B82C00A56E52 /* Build configuration list for PBXProject "testMyNewOrderPlaceUat" */ = {
			isa = XCConfigurationList;
			buildConfigurations = (
				522BC52321A6B82E00A56E52 /* Debug */,
				522BC52421A6B82E00A56E52 /* Release */,
			);
			defaultConfigurationIsVisible = 0;
			defaultConfigurationName = Release;
		};
		522BC52521A6B82E00A56E52 /* Build configuration list for PBXNativeTarget "testMyNewOrderPlaceUat" */ = {
			isa = XCConfigurationList;
			buildConfigurations = (
				522BC52621A6B82E00A56E52 /* Debug */,
				522BC52721A6B82E00A56E52 /* Release */,
			);
			defaultConfigurationIsVisible = 0;
			defaultConfigurationName = Release;
		};
/* End XCConfigurationList section */
	};
	rootObject = 522BC50B21A6B82C00A56E52 /* Project object */;
}
